
Microsoft Visual Studio Solution File, Format Version 12.00
# Visual Studio Version 16
VisualStudioVersion = 16.0.31702.278
MinimumVisualStudioVersion = 10.0.40219.1
Project("{FAE04EC0-301F-11D3-BF4B-00C04F79EFBC}") = "ulearngame1", "ulearngame1\ulearngame1.csproj", "{93D48BEE-14A1-4017-86A1-7B168331B490}"
EndProject
Global
	GlobalSection(SolutionConfigurationPlatforms) = preSolution
		Debug|Any CPU = Debug|Any CPU
		Release|Any CPU = Release|Any CPU
	EndGlobalSection
	GlobalSection(ProjectConfigurationPlatforms) = postSolution
		{93D48BEE-14A1-4017-86A1-7B168331B490}.Debug|Any CPU.ActiveCfg = Debug|Any CPU
		{93D48BEE-14A1-4017-86A1-7B168331B490}.Debug|Any CPU.Build.0 = Debug|Any CPU
		{93D48BEE-14A1-4017-86A1-7B168331B490}.Release|Any CPU.ActiveCfg = Release|Any CPU
		{93D48BEE-14A1-4017-86A1-7B168331B490}.Release|Any CPU.Build.0 = Release|Any CPU
	EndGlobalSection
	GlobalSection(SolutionProperties) = preSolution
		HideSolutionNode = FALSE
	EndGlobalSection
	GlobalSection(ExtensibilityGlobals) = postSolution
		SolutionGuid = {648298B3-23B8-4EB4-978B-25A98D644375}
	EndGlobalSection
EndGlobal
